
Microsoft Visual Studio Solution File, Format Version 12.00
# Visual Studio Version 16
VisualStudioVersion = 16.0.30621.155
MinimumVisualStudioVersion = 10.0.40219.1
Project("{FAE04EC0-301F-11D3-BF4B-00C04F79EFBC}") = "eShopOnWeb.BlazorWebAssemblyPWA", "eShopOnWeb.BlazorWebAssemblyPWA\eShopOnWeb.BlazorWebAssemblyPWA.csproj", "{0E3EF8B4-F1EF-4423-9367-BE228433189E}"
EndProject
Global
	GlobalSection(SolutionConfigurationPlatforms) = preSolution
		Debug|Any CPU = Debug|Any CPU
		Release|Any CPU = Release|Any CPU
	EndGlobalSection
	GlobalSection(ProjectConfigurationPlatforms) = postSolution
		{0E3EF8B4-F1EF-4423-9367-BE228433189E}.Debug|Any CPU.ActiveCfg = Debug|Any CPU
		{0E3EF8B4-F1EF-4423-9367-BE228433189E}.Debug|Any CPU.Build.0 = Debug|Any CPU
		{0E3EF8B4-F1EF-4423-9367-BE228433189E}.Release|Any CPU.ActiveCfg = Release|Any CPU
		{0E3EF8B4-F1EF-4423-9367-BE228433189E}.Release|Any CPU.Build.0 = Release|Any CPU
	EndGlobalSection
	GlobalSection(SolutionProperties) = preSolution
		HideSolutionNode = FALSE
	EndGlobalSection
	GlobalSection(ExtensibilityGlobals) = postSolution
		SolutionGuid = {3B7BC511-FD24-4AFF-84EB-773C786A1413}
	EndGlobalSection
EndGlobal
